
Microsoft Visual Studio Solution File, Format Version 12.00
# Visual Studio Version 17
VisualStudioVersion = 17.6.33829.357
MinimumVisualStudioVersion = 10.0.40219.1
Project("{FAE04EC0-301F-11D3-BF4B-00C04F79EFBC}") = "LanguageExtListExtensionRepro", "LanguageExtListExtensionRepro.csproj", "{2F082441-24D6-4E75-9160-10B9B6FF919F}"
EndProject
Global
	GlobalSection(SolutionConfigurationPlatforms) = preSolution
		Debug|Any CPU = Debug|Any CPU
		Release|Any CPU = Release|Any CPU
	EndGlobalSection
	GlobalSection(ProjectConfigurationPlatforms) = postSolution
		{2F082441-24D6-4E75-9160-10B9B6FF919F}.Debug|Any CPU.ActiveCfg = Debug|Any CPU
		{2F082441-24D6-4E75-9160-10B9B6FF919F}.Debug|Any CPU.Build.0 = Debug|Any CPU
		{2F082441-24D6-4E75-9160-10B9B6FF919F}.Release|Any CPU.ActiveCfg = Release|Any CPU
		{2F082441-24D6-4E75-9160-10B9B6FF919F}.Release|Any CPU.Build.0 = Release|Any CPU
	EndGlobalSection
	GlobalSection(SolutionProperties) = preSolution
		HideSolutionNode = FALSE
	EndGlobalSection
	GlobalSection(ExtensibilityGlobals) = postSolution
		SolutionGuid = {F8FCA041-DF81-4044-B443-679212638C6B}
	EndGlobalSection
EndGlobal
